
Microsoft Visual Studio Solution File, Format Version 12.00
# Visual Studio Version 16
VisualStudioVersion = 16.0.30804.86
MinimumVisualStudioVersion = 10.0.40219.1
Project("{8BC9CEB8-8B4A-11D0-8D11-00A0C91BC942}") = "IIA_TP2", "IIA_TP2\IIA_TP2.vcxproj", "{EACE8C6B-1013-4A98-B1C0-0E0F246543AE}"
EndProject
Global
	GlobalSection(SolutionConfigurationPlatforms) = preSolution
		Debug|x64 = Debug|x64
		Debug|x86 = Debug|x86
		Release|x64 = Release|x64
		Release|x86 = Release|x86
	EndGlobalSection
	GlobalSection(ProjectConfigurationPlatforms) = postSolution
		{EACE8C6B-1013-4A98-B1C0-0E0F246543AE}.Debug|x64.ActiveCfg = Debug|x64
		{EACE8C6B-1013-4A98-B1C0-0E0F246543AE}.Debug|x64.Build.0 = Debug|x64
		{EACE8C6B-1013-4A98-B1C0-0E0F246543AE}.Debug|x86.ActiveCfg = Debug|Win32
		{EACE8C6B-1013-4A98-B1C0-0E0F246543AE}.Debug|x86.Build.0 = Debug|Win32
		{EACE8C6B-1013-4A98-B1C0-0E0F246543AE}.Release|x64.ActiveCfg = Release|x64
		{EACE8C6B-1013-4A98-B1C0-0E0F246543AE}.Release|x64.Build.0 = Release|x64
		{EACE8C6B-1013-4A98-B1C0-0E0F246543AE}.Release|x86.ActiveCfg = Release|Win32
		{EACE8C6B-1013-4A98-B1C0-0E0F246543AE}.Release|x86.Build.0 = Release|Win32
	EndGlobalSection
	GlobalSection(SolutionProperties) = preSolution
		HideSolutionNode = FALSE
	EndGlobalSection
	GlobalSection(ExtensibilityGlobals) = postSolution
		SolutionGuid = {50F0B492-AD33-475E-A3BC-ACAC423F5541}
	EndGlobalSection
EndGlobal
